
Microsoft Visual Studio Solution File, Format Version 12.00
# Visual Studio Version 17
VisualStudioVersion = 17.9.34728.123
MinimumVisualStudioVersion = 10.0.40219.1
Project("{FAE04EC0-301F-11D3-BF4B-00C04F79EFBC}") = "TPCarrito_equipo-4", "TPCarrito_equipo-4.csproj", "{43BD50E1-B85B-425B-A837-B623CE321C30}"
EndProject
Global
	GlobalSection(SolutionConfigurationPlatforms) = preSolution
		Debug|Any CPU = Debug|Any CPU
		Release|Any CPU = Release|Any CPU
	EndGlobalSection
	GlobalSection(ProjectConfigurationPlatforms) = postSolution
		{43BD50E1-B85B-425B-A837-B623CE321C30}.Debug|Any CPU.ActiveCfg = Debug|Any CPU
		{43BD50E1-B85B-425B-A837-B623CE321C30}.Debug|Any CPU.Build.0 = Debug|Any CPU
		{43BD50E1-B85B-425B-A837-B623CE321C30}.Release|Any CPU.ActiveCfg = Release|Any CPU
		{43BD50E1-B85B-425B-A837-B623CE321C30}.Release|Any CPU.Build.0 = Release|Any CPU
	EndGlobalSection
	GlobalSection(SolutionProperties) = preSolution
		HideSolutionNode = FALSE
	EndGlobalSection
	GlobalSection(ExtensibilityGlobals) = postSolution
		SolutionGuid = {2BE06B40-6E47-4F86-AD1B-FDB2A18245ED}
	EndGlobalSection
EndGlobal
